// !$*UTF8*$!
{
	archiveVersion = 1;
	classes = {
	};
	objectVersion = 50;
	objects = {

/* Begin PBXBuildFile section */
		CD6549BA24E9BE49009B3B70 /* BullBrain.swift in Sources */ = {isa = PBXBuildFile; fileRef = CD6549B924E9BE49009B3B70 /* BullBrain.swift */; };
		CDB5DD4024EACC9700D9C3AE /* HighScoreViewController.swift in Sources */ = {isa = PBXBuildFile; fileRef = CDB5DD3E24EACC9700D9C3AE /* HighScoreViewController.swift */; };
		CDDDDCD724E7397C00283257 /* AppDelegate.swift in Sources */ = {isa = PBXBuildFile; fileRef = CDDDDCD624E7397C00283257 /* AppDelegate.swift */; };
		CDDDDCD924E7397C00283257 /* SceneDelegate.swift in Sources */ = {isa = PBXBuildFile; fileRef = CDDDDCD824E7397C00283257 /* SceneDelegate.swift */; };
		CDDDDCDB24E7397C00283257 /* ViewController.swift in Sources */ = {isa = PBXBuildFile; fileRef = CDDDDCDA24E7397C00283257 /* ViewController.swift */; };
		CDDDDCDE24E7397C00283257 /* Main.storyboard in Resources */ = {isa = PBXBuildFile; fileRef = CDDDDCDC24E7397C00283257 /* Main.storyboard */; };
		CDDDDCE024E7397E00283257 /* Assets.xcassets in Resources */ = {isa = PBXBuildFile; fileRef = CDDDDCDF24E7397E00283257 /* Assets.xcassets */; };
		CDDDDCE324E7397E00283257 /* LaunchScreen.storyboard in Resources */ = {isa = PBXBuildFile; fileRef = CDDDDCE124E7397E00283257 /* LaunchScreen.storyboard */; };
		CDF23ACE24EB967400A233F5 /* Model.xcdatamodeld in Sources */ = {isa = PBXBuildFile; fileRef = CDF23ACC24EB967400A233F5 /* Model.xcdatamodeld */; };
/* End PBXBuildFile section */

/* Begin PBXFileReference section */
		CD6549B924E9BE49009B3B70 /* BullBrain.swift */ = {isa = PBXFileReference; lastKnownFileType = sourcecode.swift; path = BullBrain.swift; sourceTree = "<group>"; };
		CDB5DD3E24EACC9700D9C3AE /* HighScoreViewController.swift */ = {isa = PBXFileReference; lastKnownFileType = sourcecode.swift; path = HighScoreViewController.swift; sourceTree = "<group>"; };
		CDDDDCD324E7397C00283257 /* BullsEye.app */ = {isa = PBXFileReference; explicitFileType = wrapper.application; includeInIndex = 0; path = BullsEye.app; sourceTree = BUILT_PRODUCTS_DIR; };
		CDDDDCD624E7397C00283257 /* AppDelegate.swift */ = {isa = PBXFileReference; lastKnownFileType = sourcecode.swift; path = AppDelegate.swift; sourceTree = "<group>"; };
		CDDDDCD824E7397C00283257 /* SceneDelegate.swift */ = {isa = PBXFileReference; lastKnownFileType = sourcecode.swift; path = SceneDelegate.swift; sourceTree = "<group>"; };
		CDDDDCDA24E7397C00283257 /* ViewController.swift */ = {isa = PBXFileReference; lastKnownFileType = sourcecode.swift; path = ViewController.swift; sourceTree = "<group>"; };
		CDDDDCDD24E7397C00283257 /* Base */ = {isa = PBXFileReference; lastKnownFileType = file.storyboard; name = Base; path = Base.lproj/Main.storyboard; sourceTree = "<group>"; };
		CDDDDCDF24E7397E00283257 /* Assets.xcassets */ = {isa = PBXFileReference; lastKnownFileType = folder.assetcatalog; path = Assets.xcassets; sourceTree = "<group>"; };
		CDDDDCE224E7397E00283257 /* Base */ = {isa = PBXFileReference; lastKnownFileType = file.storyboard; name = Base; path = Base.lproj/LaunchScreen.storyboard; sourceTree = "<group>"; };
		CDDDDCE424E7397E00283257 /* Info.plist */ = {isa = PBXFileReference; lastKnownFileType = text.plist.xml; path = Info.plist; sourceTree = "<group>"; };
		CDF23ACD24EB967400A233F5 /* Model.xcdatamodel */ = {isa = PBXFileReference; lastKnownFileType = wrapper.xcdatamodel; path = Model.xcdatamodel; sourceTree = "<group>"; };
/* End PBXFileReference section */

/* Begin PBXFrameworksBuildPhase section */
		CDDDDCD024E7397C00283257 /* Frameworks */ = {
			isa = PBXFrameworksBuildPhase;
			buildActionMask = 2147483647;
			files = (
			);
			runOnlyForDeploymentPostprocessing = 0;
		};
/* End PBXFrameworksBuildPhase section */

/* Begin PBXGroup section */
		CDDDDCCA24E7397C00283257 = {
			isa = PBXGroup;
			children = (
				CDDDDCD524E7397C00283257 /* BullsEye */,
				CDDDDCD424E7397C00283257 /* Products */,
			);
			sourceTree = "<group>";
		};
		CDDDDCD424E7397C00283257 /* Products */ = {
			isa = PBXGroup;
			children = (
				CDDDDCD324E7397C00283257 /* BullsEye.app */,
			);
			name = Products;
			sourceTree = "<group>";
		};
		CDDDDCD524E7397C00283257 /* BullsEye */ = {
			isa = PBXGroup;
			children = (
				CDDDDCDA24E7397C00283257 /* ViewController.swift */,
				CDB5DD3E24EACC9700D9C3AE /* HighScoreViewController.swift */,
				CDF23A9524EB668F00A233F5 /* Model */,
				CDDDDCDC24E7397C00283257 /* Main.storyboard */,
				CDDDDCDF24E7397E00283257 /* Assets.xcassets */,
				CDDDDCD824E7397C00283257 /* SceneDelegate.swift */,
				CDDDDCD624E7397C00283257 /* AppDelegate.swift */,
				CDDDDCE124E7397E00283257 /* LaunchScreen.storyboard */,
				CDDDDCE424E7397E00283257 /* Info.plist */,
				CDF23ACC24EB967400A233F5 /* Model.xcdatamodeld */,
			);
			path = BullsEye;
			sourceTree = "<group>";
		};
		CDF23A9524EB668F00A233F5 /* Model */ = {
			isa = PBXGroup;
			children = (
				CD6549B924E9BE49009B3B70 /* BullBrain.swift */,
			);
			path = Model;
			sourceTree = "<group>";
		};
/* End PBXGroup section */

/* Begin PBXNativeTarget section */
		CDDDDCD224E7397C00283257 /* BullsEye */ = {
			isa = PBXNativeTarget;
			buildConfigurationList = CDDDDCE724E7397E00283257 /* Build configuration list for PBXNativeTarget "BullsEye" */;
			buildPhases = (
				CDDDDCCF24E7397C00283257 /* Sources */,
				CDDDDCD024E7397C00283257 /* Frameworks */,
				CDDDDCD124E7397C00283257 /* Resources */,
			);
			buildRules = (
			);
			dependencies = (
			);
			name = BullsEye;
			productName = BullsEye;
			productReference = CDDDDCD324E7397C00283257 /* BullsEye.app */;
			productType = "com.apple.product-type.application";
		};
/* End PBXNativeTarget section */

/* Begin PBXProject section */
		CDDDDCCB24E7397C00283257 /* Project object */ = {
			isa = PBXProject;
			attributes = {
				LastSwiftUpdateCheck = 1160;
				LastUpgradeCheck = 1160;
				ORGANIZATIONNAME = "Ricky Haley";
				TargetAttributes = {
					CDDDDCD224E7397C00283257 = {
						CreatedOnToolsVersion = 11.6;
					};
				};
			};
			buildConfigurationList = CDDDDCCE24E7397C00283257 /* Build configuration list for PBXProject "BullsEye" */;
			compatibilityVersion = "Xcode 9.3";
			developmentRegion = en;
			hasScannedForEncodings = 0;
			knownRegions = (
				en,
				Base,
			);
			mainGroup = CDDDDCCA24E7397C00283257;
			productRefGroup = CDDDDCD424E7397C00283257 /* Products */;
			projectDirPath = "";
			projectRoot = "";
			targets = (
				CDDDDCD224E7397C00283257 /* BullsEye */,
			);
		};
/* End PBXProject section */

/* Begin PBXResourcesBuildPhase section */
		CDDDDCD124E7397C00283257 /* Resources */ = {
			isa = PBXResourcesBuildPhase;
			buildActionMask = 2147483647;
			files = (
				CDDDDCE324E7397E00283257 /* LaunchScreen.storyboard in Resources */,
				CDDDDCE024E7397E00283257 /* Assets.xcassets in Resources */,
				CDDDDCDE24E7397C00283257 /* Main.storyboard in Resources */,
			);
			runOnlyForDeploymentPostprocessing = 0;
		};
/* End PBXResourcesBuildPhase section */

/* Begin PBXSourcesBuildPhase section */
		CDDDDCCF24E7397C00283257 /* Sources */ = {
			isa = PBXSourcesBuildPhase;
			buildActionMask = 2147483647;
			files = (
				CDDDDCDB24E7397C00283257 /* ViewController.swift in Sources */,
				CDB5DD4024EACC9700D9C3AE /* HighScoreViewController.swift in Sources */,
				CDDDDCD724E7397C00283257 /* AppDelegate.swift in Sources */,
				CDDDDCD924E7397C00283257 /* SceneDelegate.swift in Sources */,
				CD6549BA24E9BE49009B3B70 /* BullBrain.swift in Sources */,
				CDF23ACE24EB967400A233F5 /* Model.xcdatamodeld in Sources */,
			);
			runOnlyForDeploymentPostprocessing = 0;
		};
/* End PBXSourcesBuildPhase section */

/* Begin PBXVariantGroup section */
		CDDDDCDC24E7397C00283257 /* Main.storyboard */ = {
			isa = PBXVariantGroup;
			children = (
				CDDDDCDD24E7397C00283257 /* Base */,
			);
			name = Main.storyboard;
			sourceTree = "<group>";
		};
		CDDDDCE124E7397E00283257 /* LaunchScreen.storyboard */ = {
			isa = PBXVariantGroup;
			children = (
				CDDDDCE224E7397E00283257 /* Base */,
			);
			name = LaunchScreen.storyboard;
			sourceTree = "<group>";
		};
/* End PBXVariantGroup section */

/* Begin XCBuildConfiguration section */
		CDDDDCE524E7397E00283257 /* Debug */ = {
			isa = XCBuildConfiguration;
			buildSettings = {
				ALWAYS_SEARCH_USER_PATHS = NO;
				CLANG_ANALYZER_NONNULL = YES;
				CLANG_ANALYZER_NUMBER_OBJECT_CONVERSION = YES_AGGRESSIVE;
				CLANG_CXX_LANGUAGE_STANDARD = "gnu++14";
				CLANG_CXX_LIBRARY = "libc++";
				CLANG_ENABLE_MODULES = YES;
				CLANG_ENABLE_OBJC_ARC = YES;
				CLANG_ENABLE_OBJC_WEAK = YES;
				CLANG_WARN_BLOCK_CAPTURE_AUTORELEASING = YES;
				CLANG_WARN_BOOL_CONVERSION = YES;
				CLANG_WARN_COMMA = YES;
				CLANG_WARN_CONSTANT_CONVERSION = YES;
				CLANG_WARN_DEPRECATED_OBJC_IMPLEMENTATIONS = YES;
				CLANG_WARN_DIRECT_OBJC_ISA_USAGE = YES_ERROR;
				CLANG_WARN_DOCUMENTATION_COMMENTS = YES;
				CLANG_WARN_EMPTY_BODY = YES;
				CLANG_WARN_ENUM_CONVERSION = YES;
				CLANG_WARN_INFINITE_RECURSION = YES;
				CLANG_WARN_INT_CONVERSION = YES;
				CLANG_WARN_NON_LITERAL_NULL_CONVERSION = YES;
				CLANG_WARN_OBJC_IMPLICIT_RETAIN_SELF = YES;
				CLANG_WARN_OBJC_LITERAL_CONVERSION = YES;
				CLANG_WARN_OBJC_ROOT_CLASS = YES_ERROR;
				CLANG_WARN_RANGE_LOOP_ANALYSIS = YES;
				CLANG_WARN_STRICT_PROTOTYPES = YES;
				CLANG_WARN_SUSPICIOUS_MOVE = YES;
				CLANG_WARN_UNGUARDED_AVAILABILITY = YES_AGGRESSIVE;
				CLANG_WARN_UNREACHABLE_CODE = YES;
				CLANG_WARN__DUPLICATE_METHOD_MATCH = YES;
				COPY_PHASE_STRIP = NO;
				DEBUG_INFORMATION_FORMAT = dwarf;
				ENABLE_STRICT_OBJC_MSGSEND = YES;
				ENABLE_TESTABILITY = YES;
				GCC_C_LANGUAGE_STANDARD = gnu11;
				GCC_DYNAMIC_NO_PIC = NO;
				GCC_NO_COMMON_BLOCKS = YES;
				GCC_OPTIMIZATION_LEVEL = 0;
				GCC_PREPROCESSOR_DEFINITIONS = (
					"DEBUG=1",
					"$(inherited)",
				);
				GCC_WARN_64_TO_32_BIT_CONVERSION = YES;
				GCC_WARN_ABOUT_RETURN_TYPE = YES_ERROR;
				GCC_WARN_UNDECLARED_SELECTOR = YES;
				GCC_WARN_UNINITIALIZED_AUTOS = YES_AGGRESSIVE;
				GCC_WARN_UNUSED_FUNCTION = YES;
				GCC_WARN_UNUSED_VARIABLE = YES;
				IPHONEOS_DEPLOYMENT_TARGET = 13.6;
				MTL_ENABLE_DEBUG_INFO = INCLUDE_SOURCE;
				MTL_FAST_MATH = YES;
				ONLY_ACTIVE_ARCH = YES;
				SDKROOT = iphoneos;
				SWIFT_ACTIVE_COMPILATION_CONDITIONS = DEBUG;
				SWIFT_OPTIMIZATION_LEVEL = "-Onone";
			};
			name = Debug;
		};
		CDDDDCE624E7397E00283257 /* Release */ = {
			isa = XCBuildConfiguration;
			buildSettings = {
				ALWAYS_SEARCH_USER_PATHS = NO;
				CLANG_ANALYZER_NONNULL = YES;
				CLANG_ANALYZER_NUMBER_OBJECT_CONVERSION = YES_AGGRESSIVE;
				CLANG_CXX_LANGUAGE_STANDARD = "gnu++14";
				CLANG_CXX_LIBRARY = "libc++";
				CLANG_ENABLE_MODULES = YES;
				CLANG_ENABLE_OBJC_ARC = YES;
				CLANG_ENABLE_OBJC_WEAK = YES;
				CLANG_WARN_BLOCK_CAPTURE_AUTORELEASING = YES;
				CLANG_WARN_BOOL_CONVERSION = YES;
				CLANG_WARN_COMMA = YES;
				CLANG_WARN_CONSTANT_CONVERSION = YES;
				CLANG_WARN_DEPRECATED_OBJC_IMPLEMENTATIONS = YES;
				CLANG_WARN_DIRECT_OBJC_ISA_USAGE = YES_ERROR;
				CLANG_WARN_DOCUMENTATION_COMMENTS = YES;
				CLANG_WARN_EMPTY_BODY = YES;
				CLANG_WARN_ENUM_CONVERSION = YES;
				CLANG_WARN_INFINITE_RECURSION = YES;
				CLANG_WARN_INT_CONVERSION = YES;
				CLANG_WARN_NON_LITERAL_NULL_CONVERSION = YES;
				CLANG_WARN_OBJC_IMPLICIT_RETAIN_SELF = YES;
				CLANG_WARN_OBJC_LITERAL_CONVERSION = YES;
				CLANG_WARN_OBJC_ROOT_CLASS = YES_ERROR;
				CLANG_WARN_RANGE_LOOP_ANALYSIS = YES;
				CLANG_WARN_STRICT_PROTOTYPES = YES;
				CLANG_WARN_SUSPICIOUS_MOVE = YES;
				CLANG_WARN_UNGUARDED_AVAILABILITY = YES_AGGRESSIVE;
				CLANG_WARN_UNREACHABLE_CODE = YES;
				CLANG_WARN__DUPLICATE_METHOD_MATCH = YES;
				COPY_PHASE_STRIP = NO;
				DEBUG_INFORMATION_FORMAT = "dwarf-with-dsym";
				ENABLE_NS_ASSERTIONS = NO;
				ENABLE_STRICT_OBJC_MSGSEND = YES;
				GCC_C_LANGUAGE_STANDARD = gnu11;
				GCC_NO_COMMON_BLOCKS = YES;
				GCC_WARN_64_TO_32_BIT_CONVERSION = YES;
				GCC_WARN_ABOUT_RETURN_TYPE = YES_ERROR;
				GCC_WARN_UNDECLARED_SELECTOR = YES;
				GCC_WARN_UNINITIALIZED_AUTOS = YES_AGGRESSIVE;
				GCC_WARN_UNUSED_FUNCTION = YES;
				GCC_WARN_UNUSED_VARIABLE = YES;
				IPHONEOS_DEPLOYMENT_TARGET = 13.6;
				MTL_ENABLE_DEBUG_INFO = NO;
				MTL_FAST_MATH = YES;
				SDKROOT = iphoneos;
				SWIFT_COMPILATION_MODE = wholemodule;
				SWIFT_OPTIMIZATION_LEVEL = "-O";
				VALIDATE_PRODUCT = YES;
			};
			name = Release;
		};
		CDDDDCE824E7397E00283257 /* Debug */ = {
			isa = XCBuildConfiguration;
			buildSettings = {
				ASSETCATALOG_COMPILER_APPICON_NAME = AppIcon;
				CODE_SIGN_STYLE = Automatic;
				DEVELOPMENT_TEAM = 4RT7KY3543;
				INFOPLIST_FILE = BullsEye/Info.plist;
				LD_RUNPATH_SEARCH_PATHS = (
					"$(inherited)",
					"@executable_path/Frameworks",
				);
				PRODUCT_BUNDLE_IDENTIFIER = com.rickyhaley.BullsEye;
				PRODUCT_NAME = "$(TARGET_NAME)";
				SWIFT_VERSION = 5.0;
				TARGETED_DEVICE_FAMILY = "1,2";
			};
			name = Debug;
		};
		CDDDDCE924E7397E00283257 /* Release */ = {
			isa = XCBuildConfiguration;
			buildSettings = {
				ASSETCATALOG_COMPILER_APPICON_NAME = AppIcon;
				CODE_SIGN_STYLE = Automatic;
				DEVELOPMENT_TEAM = 4RT7KY3543;
				INFOPLIST_FILE = BullsEye/Info.plist;
				LD_RUNPATH_SEARCH_PATHS = (
					"$(inherited)",
					"@executable_path/Frameworks",
				);
				PRODUCT_BUNDLE_IDENTIFIER = com.rickyhaley.BullsEye;
				PRODUCT_NAME = "$(TARGET_NAME)";
				SWIFT_VERSION = 5.0;
				TARGETED_DEVICE_FAMILY = "1,2";
			};
			name = Release;
		};
/* End XCBuildConfiguration section */

/* Begin XCConfigurationList section */
		CDDDDCCE24E7397C00283257 /* Build configuration list for PBXProject "BullsEye" */ = {
			isa = XCConfigurationList;
			buildConfigurations = (
				CDDDDCE524E7397E00283257 /* Debug */,
				CDDDDCE624E7397E00283257 /* Release */,
			);
			defaultConfigurationIsVisible = 0;
			defaultConfigurationName = Release;
		};
		CDDDDCE724E7397E00283257 /* Build configuration list for PBXNativeTarget "BullsEye" */ = {
			isa = XCConfigurationList;
			buildConfigurations = (
				CDDDDCE824E7397E00283257 /* Debug */,
				CDDDDCE924E7397E00283257 /* Release */,
			);
			defaultConfigurationIsVisible = 0;
			defaultConfigurationName = Release;
		};
/* End XCConfigurationList section */

/* Begin XCVersionGroup section */
		CDF23ACC24EB967400A233F5 /* Model.xcdatamodeld */ = {
			isa = XCVersionGroup;
			children = (
				CDF23ACD24EB967400A233F5 /* Model.xcdatamodel */,
			);
			currentVersion = CDF23ACD24EB967400A233F5 /* Model.xcdatamodel */;
			path = Model.xcdatamodeld;
			sourceTree = "<group>";
			versionGroupType = wrapper.xcdatamodel;
		};
/* End XCVersionGroup section */
	};
	rootObject = CDDDDCCB24E7397C00283257 /* Project object */;
}
